
Microsoft Visual Studio Solution File, Format Version 12.00
# Visual Studio Version 16
VisualStudioVersion = 16.0.31112.23
MinimumVisualStudioVersion = 10.0.40219.1
Project("{FAE04EC0-301F-11D3-BF4B-00C04F79EFBC}") = "ExeWithDLL", "ExeWithDLL\ExeWithDLL.csproj", "{094DA222-B672-45BC-94B2-815D561B1C97}"
EndProject
Global
	GlobalSection(SolutionConfigurationPlatforms) = preSolution
		Debug|Any CPU = Debug|Any CPU
		Release|Any CPU = Release|Any CPU
	EndGlobalSection
	GlobalSection(ProjectConfigurationPlatforms) = postSolution
		{094DA222-B672-45BC-94B2-815D561B1C97}.Debug|Any CPU.ActiveCfg = Debug|Any CPU
		{094DA222-B672-45BC-94B2-815D561B1C97}.Debug|Any CPU.Build.0 = Debug|Any CPU
		{094DA222-B672-45BC-94B2-815D561B1C97}.Release|Any CPU.ActiveCfg = Release|Any CPU
		{094DA222-B672-45BC-94B2-815D561B1C97}.Release|Any CPU.Build.0 = Release|Any CPU
	EndGlobalSection
	GlobalSection(SolutionProperties) = preSolution
		HideSolutionNode = FALSE
	EndGlobalSection
	GlobalSection(ExtensibilityGlobals) = postSolution
		SolutionGuid = {47F6D57D-3742-40E6-8B34-F14437D1574E}
	EndGlobalSection
EndGlobal
