
Microsoft Visual Studio Solution File, Format Version 12.00
# Visual Studio Version 16
VisualStudioVersion = 16.0.31112.23
MinimumVisualStudioVersion = 10.0.40219.1
Project("{FAE04EC0-301F-11D3-BF4B-00C04F79EFBC}") = "CSharpDllExport", "CSharpDllExport\CSharpDllExport.csproj", "{D677A586-A064-41C4-BCDB-FE6D88F70F69}"
EndProject
Global
	GlobalSection(SolutionConfigurationPlatforms) = preSolution
		Debug|Any CPU = Debug|Any CPU
		Release|Any CPU = Release|Any CPU
	EndGlobalSection
	GlobalSection(ProjectConfigurationPlatforms) = postSolution
		{D677A586-A064-41C4-BCDB-FE6D88F70F69}.Debug|Any CPU.ActiveCfg = Debug|Any CPU
		{D677A586-A064-41C4-BCDB-FE6D88F70F69}.Debug|Any CPU.Build.0 = Debug|Any CPU
		{D677A586-A064-41C4-BCDB-FE6D88F70F69}.Release|Any CPU.ActiveCfg = Release|Any CPU
		{D677A586-A064-41C4-BCDB-FE6D88F70F69}.Release|Any CPU.Build.0 = Release|Any CPU
	EndGlobalSection
	GlobalSection(SolutionProperties) = preSolution
		HideSolutionNode = FALSE
	EndGlobalSection
	GlobalSection(ExtensibilityGlobals) = postSolution
		SolutionGuid = {EAA068A7-DD81-4938-9457-EDBFF96AE931}
	EndGlobalSection
EndGlobal
